<?xml version="1.0" encoding="utf-8"?>
<Project ToolsVersion="17.0" xmlns="http://schemas.microsoft.com/developer/msbuild/2003">
  <ItemGroup>
    <CustomBuild Include="C:\Users\mf226\Downloads\PGproject\Dependencies\assimp\built\CMakeFiles\dd668ba36076f09e60704f7134841df4\INSTALL_force.rule">
      <Filter>CMake Rules</Filter>
    </CustomBuild>
  </ItemGroup>
  <ItemGroup>
    <Filter Include="CMake Rules">
      <UniqueIdentifier>{2DFDFC9A-0438-35E5-9CCF-59AC63FE4122}</UniqueIdentifier>
    </Filter>
  </ItemGroup>
</Project>
