
Microsoft Visual Studio Solution File, Format Version 12.00
# Visual Studio Version 17
Project("{8BC9CEB8-8B4A-11D0-8D11-00A0C91BC942}") = "ALL_BUILD", "ALL_BUILD.vcxproj", "{620E15F2-B19C-3915-8B77-5CE79C70C72E}"
	ProjectSection(ProjectDependencies) = postProject
		{66502222-69ED-37F8-B96B-C63E74761337} = {66502222-69ED-37F8-B96B-C63E74761337}
		{5772B63D-306D-3D35-A285-4B504C79A84F} = {5772B63D-306D-3D35-A285-4B504C79A84F}
		{52C05848-9BE6-37C0-A0CF-CFA64E0E1D44} = {52C05848-9BE6-37C0-A0CF-CFA64E0E1D44}
		{20918C4B-4F45-3F92-967F-534EA60196C1} = {20918C4B-4F45-3F92-967F-534EA60196C1}
	EndProjectSection
EndProject
Project("{8BC9CEB8-8B4A-11D0-8D11-00A0C91BC942}") = "INSTALL", "INSTALL.vcxproj", "{5D5A697D-FEFB-349E-806D-4FED6368C968}"
	ProjectSection(ProjectDependencies) = postProject
		{620E15F2-B19C-3915-8B77-5CE79C70C72E} = {620E15F2-B19C-3915-8B77-5CE79C70C72E}
		{66502222-69ED-37F8-B96B-C63E74761337} = {66502222-69ED-37F8-B96B-C63E74761337}
	EndProjectSection
EndProject
Project("{8BC9CEB8-8B4A-11D0-8D11-00A0C91BC942}") = "UpdateAssimpLibsDebugSymbolsAndDLLs", "UpdateAssimpLibsDebugSymbolsAndDLLs.vcxproj", "{AFFAC169-625F-30E4-BE6F-21988E1BAB4D}"
	ProjectSection(ProjectDependencies) = postProject
		{66502222-69ED-37F8-B96B-C63E74761337} = {66502222-69ED-37F8-B96B-C63E74761337}
	EndProjectSection
EndProject
Project("{8BC9CEB8-8B4A-11D0-8D11-00A0C91BC942}") = "ZERO_CHECK", "ZERO_CHECK.vcxproj", "{66502222-69ED-37F8-B96B-C63E74761337}"
	ProjectSection(ProjectDependencies) = postProject
	EndProjectSection
EndProject
Project("{8BC9CEB8-8B4A-11D0-8D11-00A0C91BC942}") = "assimp", "code\assimp.vcxproj", "{5772B63D-306D-3D35-A285-4B504C79A84F}"
	ProjectSection(ProjectDependencies) = postProject
		{66502222-69ED-37F8-B96B-C63E74761337} = {66502222-69ED-37F8-B96B-C63E74761337}
		{20918C4B-4F45-3F92-967F-534EA60196C1} = {20918C4B-4F45-3F92-967F-534EA60196C1}
	EndProjectSection
EndProject
Project("{8BC9CEB8-8B4A-11D0-8D11-00A0C91BC942}") = "uninstall", "uninstall.vcxproj", "{CE81397F-C695-3DD0-A6AB-048660D7EC68}"
	ProjectSection(ProjectDependencies) = postProject
		{66502222-69ED-37F8-B96B-C63E74761337} = {66502222-69ED-37F8-B96B-C63E74761337}
	EndProjectSection
EndProject
Project("{8BC9CEB8-8B4A-11D0-8D11-00A0C91BC942}") = "unit", "test\unit.vcxproj", "{52C05848-9BE6-37C0-A0CF-CFA64E0E1D44}"
	ProjectSection(ProjectDependencies) = postProject
		{66502222-69ED-37F8-B96B-C63E74761337} = {66502222-69ED-37F8-B96B-C63E74761337}
		{5772B63D-306D-3D35-A285-4B504C79A84F} = {5772B63D-306D-3D35-A285-4B504C79A84F}
		{20918C4B-4F45-3F92-967F-534EA60196C1} = {20918C4B-4F45-3F92-967F-534EA60196C1}
	EndProjectSection
EndProject
Project("{8BC9CEB8-8B4A-11D0-8D11-00A0C91BC942}") = "zlibstatic", "contrib\zlib\zlibstatic.vcxproj", "{20918C4B-4F45-3F92-967F-534EA60196C1}"
	ProjectSection(ProjectDependencies) = postProject
		{66502222-69ED-37F8-B96B-C63E74761337} = {66502222-69ED-37F8-B96B-C63E74761337}
	EndProjectSection
EndProject
Global
	GlobalSection(SolutionConfigurationPlatforms) = preSolution
		Debug|x64 = Debug|x64
		Release|x64 = Release|x64
		MinSizeRel|x64 = MinSizeRel|x64
		RelWithDebInfo|x64 = RelWithDebInfo|x64
	EndGlobalSection
	GlobalSection(ProjectConfigurationPlatforms) = postSolution
		{620E15F2-B19C-3915-8B77-5CE79C70C72E}.Debug|x64.ActiveCfg = Debug|x64
		{620E15F2-B19C-3915-8B77-5CE79C70C72E}.Debug|x64.Build.0 = Debug|x64
		{620E15F2-B19C-3915-8B77-5CE79C70C72E}.Release|x64.ActiveCfg = Release|x64
		{620E15F2-B19C-3915-8B77-5CE79C70C72E}.Release|x64.Build.0 = Release|x64
		{620E15F2-B19C-3915-8B77-5CE79C70C72E}.MinSizeRel|x64.ActiveCfg = MinSizeRel|x64
		{620E15F2-B19C-3915-8B77-5CE79C70C72E}.MinSizeRel|x64.Build.0 = MinSizeRel|x64
		{620E15F2-B19C-3915-8B77-5CE79C70C72E}.RelWithDebInfo|x64.ActiveCfg = RelWithDebInfo|x64
		{620E15F2-B19C-3915-8B77-5CE79C70C72E}.RelWithDebInfo|x64.Build.0 = RelWithDebInfo|x64
		{5D5A697D-FEFB-349E-806D-4FED6368C968}.Debug|x64.ActiveCfg = Debug|x64
		{5D5A697D-FEFB-349E-806D-4FED6368C968}.Release|x64.ActiveCfg = Release|x64
		{5D5A697D-FEFB-349E-806D-4FED6368C968}.MinSizeRel|x64.ActiveCfg = MinSizeRel|x64
		{5D5A697D-FEFB-349E-806D-4FED6368C968}.RelWithDebInfo|x64.ActiveCfg = RelWithDebInfo|x64
		{AFFAC169-625F-30E4-BE6F-21988E1BAB4D}.Debug|x64.ActiveCfg = Debug|x64
		{AFFAC169-625F-30E4-BE6F-21988E1BAB4D}.Release|x64.ActiveCfg = Release|x64
		{AFFAC169-625F-30E4-BE6F-21988E1BAB4D}.MinSizeRel|x64.ActiveCfg = MinSizeRel|x64
		{AFFAC169-625F-30E4-BE6F-21988E1BAB4D}.RelWithDebInfo|x64.ActiveCfg = RelWithDebInfo|x64
		{66502222-69ED-37F8-B96B-C63E74761337}.Debug|x64.ActiveCfg = Debug|x64
		{66502222-69ED-37F8-B96B-C63E74761337}.Debug|x64.Build.0 = Debug|x64
		{66502222-69ED-37F8-B96B-C63E74761337}.Release|x64.ActiveCfg = Release|x64
		{66502222-69ED-37F8-B96B-C63E74761337}.Release|x64.Build.0 = Release|x64
		{66502222-69ED-37F8-B96B-C63E74761337}.MinSizeRel|x64.ActiveCfg = MinSizeRel|x64
		{66502222-69ED-37F8-B96B-C63E74761337}.MinSizeRel|x64.Build.0 = MinSizeRel|x64
		{66502222-69ED-37F8-B96B-C63E74761337}.RelWithDebInfo|x64.ActiveCfg = RelWithDebInfo|x64
		{66502222-69ED-37F8-B96B-C63E74761337}.RelWithDebInfo|x64.Build.0 = RelWithDebInfo|x64
		{5772B63D-306D-3D35-A285-4B504C79A84F}.Debug|x64.ActiveCfg = Debug|x64
		{5772B63D-306D-3D35-A285-4B504C79A84F}.Debug|x64.Build.0 = Debug|x64
		{5772B63D-306D-3D35-A285-4B504C79A84F}.Release|x64.ActiveCfg = Release|x64
		{5772B63D-306D-3D35-A285-4B504C79A84F}.Release|x64.Build.0 = Release|x64
		{5772B63D-306D-3D35-A285-4B504C79A84F}.MinSizeRel|x64.ActiveCfg = MinSizeRel|x64
		{5772B63D-306D-3D35-A285-4B504C79A84F}.MinSizeRel|x64.Build.0 = MinSizeRel|x64
		{5772B63D-306D-3D35-A285-4B504C79A84F}.RelWithDebInfo|x64.ActiveCfg = RelWithDebInfo|x64
		{5772B63D-306D-3D35-A285-4B504C79A84F}.RelWithDebInfo|x64.Build.0 = RelWithDebInfo|x64
		{CE81397F-C695-3DD0-A6AB-048660D7EC68}.Debug|x64.ActiveCfg = Debug|x64
		{CE81397F-C695-3DD0-A6AB-048660D7EC68}.Release|x64.ActiveCfg = Release|x64
		{CE81397F-C695-3DD0-A6AB-048660D7EC68}.MinSizeRel|x64.ActiveCfg = MinSizeRel|x64
		{CE81397F-C695-3DD0-A6AB-048660D7EC68}.RelWithDebInfo|x64.ActiveCfg = RelWithDebInfo|x64
		{52C05848-9BE6-37C0-A0CF-CFA64E0E1D44}.Debug|x64.ActiveCfg = Debug|x64
		{52C05848-9BE6-37C0-A0CF-CFA64E0E1D44}.Debug|x64.Build.0 = Debug|x64
		{52C05848-9BE6-37C0-A0CF-CFA64E0E1D44}.Release|x64.ActiveCfg = Release|x64
		{52C05848-9BE6-37C0-A0CF-CFA64E0E1D44}.Release|x64.Build.0 = Release|x64
		{52C05848-9BE6-37C0-A0CF-CFA64E0E1D44}.MinSizeRel|x64.ActiveCfg = MinSizeRel|x64
		{52C05848-9BE6-37C0-A0CF-CFA64E0E1D44}.MinSizeRel|x64.Build.0 = MinSizeRel|x64
		{52C05848-9BE6-37C0-A0CF-CFA64E0E1D44}.RelWithDebInfo|x64.ActiveCfg = RelWithDebInfo|x64
		{52C05848-9BE6-37C0-A0CF-CFA64E0E1D44}.RelWithDebInfo|x64.Build.0 = RelWithDebInfo|x64
		{20918C4B-4F45-3F92-967F-534EA60196C1}.Debug|x64.ActiveCfg = Debug|x64
		{20918C4B-4F45-3F92-967F-534EA60196C1}.Debug|x64.Build.0 = Debug|x64
		{20918C4B-4F45-3F92-967F-534EA60196C1}.Release|x64.ActiveCfg = Release|x64
		{20918C4B-4F45-3F92-967F-534EA60196C1}.Release|x64.Build.0 = Release|x64
		{20918C4B-4F45-3F92-967F-534EA60196C1}.MinSizeRel|x64.ActiveCfg = MinSizeRel|x64
		{20918C4B-4F45-3F92-967F-534EA60196C1}.MinSizeRel|x64.Build.0 = MinSizeRel|x64
		{20918C4B-4F45-3F92-967F-534EA60196C1}.RelWithDebInfo|x64.ActiveCfg = RelWithDebInfo|x64
		{20918C4B-4F45-3F92-967F-534EA60196C1}.RelWithDebInfo|x64.Build.0 = RelWithDebInfo|x64
	EndGlobalSection
	GlobalSection(ExtensibilityGlobals) = postSolution
		SolutionGuid = {7A81200B-D950-32B0-A715-5D1CC3B54482}
	EndGlobalSection
	GlobalSection(ExtensibilityAddIns) = postSolution
	EndGlobalSection
EndGlobal
