<?xml version="1.0" encoding="utf-8"?>
<Project ToolsVersion="4.0" xmlns="http://schemas.microsoft.com/developer/msbuild/2003">
  <ItemGroup>
    <Filter Include="Archivos de origen">
      <UniqueIdentifier>{4FC737F1-C7A5-4376-A066-2A32D752A2FF}</UniqueIdentifier>
      <Extensions>cpp;c;cc;cxx;c++;cppm;ixx;def;odl;idl;hpj;bat;asm;asmx</Extensions>
    </Filter>
    <Filter Include="Archivos de encabezado">
      <UniqueIdentifier>{93995380-89BD-4b04-88EB-625FBE52EBFB}</UniqueIdentifier>
      <Extensions>h;hh;hpp;hxx;h++;hm;inl;inc;ipp;xsd</Extensions>
    </Filter>
    <Filter Include="Archivos de recursos">
      <UniqueIdentifier>{67DA6AB6-F800-4c08-8B7A-83BB121AAD01}</UniqueIdentifier>
      <Extensions>rc;ico;cur;bmp;dlg;rc2;rct;bin;rgs;gif;jpg;jpeg;jpe;resx;tiff;tif;png;wav;mfcribbon-ms</Extensions>
    </Filter>
    <Filter Include="NewFilter1">
      <UniqueIdentifier>{c0406e0a-e64f-4c1d-8d25-79a0c8eec2d2}</UniqueIdentifier>
    </Filter>
    <Filter Include="Archivos de recursos\Shaders">
      <UniqueIdentifier>{ba848a46-394c-4043-85a7-88892f8eaa69}</UniqueIdentifier>
    </Filter>
    <Filter Include="Archivos de recursos\Textures">
      <UniqueIdentifier>{44a8fd6c-8920-4a98-9a65-868e39c677a2}</UniqueIdentifier>
    </Filter>
    <Filter Include="Archivos de recursos\res">
      <UniqueIdentifier>{347dbbf9-4566-47b6-a270-93f7a1c282da}</UniqueIdentifier>
    </Filter>
  </ItemGroup>
  <ItemGroup>
    <ClCompile Include="Source.cpp">
      <Filter>Archivos de origen</Filter>
    </ClCompile>
    <ClCompile Include="glad.cpp">
      <Filter>Archivos de origen</Filter>
    </ClCompile>
    <ClCompile Include="EBO.cpp">
      <Filter>Archivos de origen</Filter>
    </ClCompile>
    <ClCompile Include="shaderClass.cpp">
      <Filter>Archivos de origen</Filter>
    </ClCompile>
    <ClCompile Include="stb.cpp">
      <Filter>Archivos de origen</Filter>
    </ClCompile>
    <ClCompile Include="VAO.cpp">
      <Filter>Archivos de origen</Filter>
    </ClCompile>
    <ClCompile Include="VBO.cpp">
      <Filter>Archivos de origen</Filter>
    </ClCompile>
    <ClCompile Include="Texture.cpp">
      <Filter>Archivos de origen</Filter>
    </ClCompile>
    <ClCompile Include="Camera.cpp">
      <Filter>Archivos de origen</Filter>
    </ClCompile>
    <ClCompile Include="Light.cpp">
      <Filter>Archivos de origen</Filter>
    </ClCompile>
  </ItemGroup>
  <ItemGroup>
    <ClInclude Include="EBO.h">
      <Filter>Archivos de encabezado</Filter>
    </ClInclude>
    <ClInclude Include="shaderClass.h">
      <Filter>Archivos de encabezado</Filter>
    </ClInclude>
    <ClInclude Include="VAO.h">
      <Filter>Archivos de encabezado</Filter>
    </ClInclude>
    <ClInclude Include="VBO.h">
      <Filter>Archivos de encabezado</Filter>
    </ClInclude>
    <ClInclude Include="Texture.h">
      <Filter>Archivos de encabezado</Filter>
    </ClInclude>
    <ClInclude Include="Camara.h">
      <Filter>Archivos de encabezado</Filter>
    </ClInclude>
    <ClInclude Include="default.frag.h">
      <Filter>Archivos de encabezado</Filter>
    </ClInclude>
    <ClInclude Include="Light.h">
      <Filter>Archivos de encabezado</Filter>
    </ClInclude>
  </ItemGroup>
  <ItemGroup>
    <None Include="default.frag.cpp">
      <Filter>Archivos de recursos\Shaders</Filter>
    </None>
    <None Include="default.vert">
      <Filter>Archivos de recursos\Shaders</Filter>
    </None>
    <None Include="light.vert">
      <Filter>Archivos de recursos\Shaders</Filter>
    </None>
    <None Include="light.frag">
      <Filter>Archivos de recursos\Shaders</Filter>
    </None>
    <None Include="default.frag" />
  </ItemGroup>
  <ItemGroup>
    <Image Include="corazon.png">
      <Filter>Archivos de recursos\Textures</Filter>
    </Image>
    <Image Include="Corazon.jpg">
      <Filter>Archivos de recursos\Textures</Filter>
    </Image>
    <Image Include="kirby.png">
      <Filter>Archivos de recursos\Textures</Filter>
    </Image>
  </ItemGroup>
  <ItemGroup>
    <Text Include="..\a.txt" />
  </ItemGroup>
</Project>